
Microsoft Visual Studio Solution File, Format Version 12.00
# Visual Studio 15
VisualStudioVersion = 15.0.26124.0
MinimumVisualStudioVersion = 15.0.26124.0
Project("{2150E333-8FDC-42A3-9474-1A3956D46DE8}") = "tests", "tests", "{7718A362-0F06-47DA-8348-42B507602DB9}"
EndProject
Project("{FAE04EC0-301F-11D3-BF4B-00C04F79EFBC}") = "GameZone.Tests", "tests\GameZone.Tests\GameZone.Tests.csproj", "{B1137E34-13C7-4D88-A516-AE4179733C79}"
EndProject
Global
	GlobalSection(SolutionConfigurationPlatforms) = preSolution
		Debug|Any CPU = Debug|Any CPU
		Debug|x64 = Debug|x64
		Debug|x86 = Debug|x86
		Release|Any CPU = Release|Any CPU
		Release|x64 = Release|x64
		Release|x86 = Release|x86
	EndGlobalSection
	GlobalSection(SolutionProperties) = preSolution
		HideSolutionNode = FALSE
	EndGlobalSection
	GlobalSection(ProjectConfigurationPlatforms) = postSolution
		{B1137E34-13C7-4D88-A516-AE4179733C79}.Debug|Any CPU.ActiveCfg = Debug|Any CPU
		{B1137E34-13C7-4D88-A516-AE4179733C79}.Debug|Any CPU.Build.0 = Debug|Any CPU
		{B1137E34-13C7-4D88-A516-AE4179733C79}.Debug|x64.ActiveCfg = Debug|Any CPU
		{B1137E34-13C7-4D88-A516-AE4179733C79}.Debug|x64.Build.0 = Debug|Any CPU
		{B1137E34-13C7-4D88-A516-AE4179733C79}.Debug|x86.ActiveCfg = Debug|Any CPU
		{B1137E34-13C7-4D88-A516-AE4179733C79}.Debug|x86.Build.0 = Debug|Any CPU
		{B1137E34-13C7-4D88-A516-AE4179733C79}.Release|Any CPU.ActiveCfg = Release|Any CPU
		{B1137E34-13C7-4D88-A516-AE4179733C79}.Release|Any CPU.Build.0 = Release|Any CPU
		{B1137E34-13C7-4D88-A516-AE4179733C79}.Release|x64.ActiveCfg = Release|Any CPU
		{B1137E34-13C7-4D88-A516-AE4179733C79}.Release|x64.Build.0 = Release|Any CPU
		{B1137E34-13C7-4D88-A516-AE4179733C79}.Release|x86.ActiveCfg = Release|Any CPU
		{B1137E34-13C7-4D88-A516-AE4179733C79}.Release|x86.Build.0 = Release|Any CPU
	EndGlobalSection
	GlobalSection(NestedProjects) = preSolution
		{B1137E34-13C7-4D88-A516-AE4179733C79} = {7718A362-0F06-47DA-8348-42B507602DB9}
	EndGlobalSection
EndGlobal
